
Microsoft Visual Studio Solution File, Format Version 12.00
# Visual Studio Version 17
VisualStudioVersion = 17.1.32210.238
MinimumVisualStudioVersion = 10.0.40219.1
Project("{FAE04EC0-301F-11D3-BF4B-00C04F79EFBC}") = "EmployeesApp", "EmployeesApp.csproj", "{01A0ED51-6CCB-455B-A539-B3DEA1966A6D}"
EndProject
Global
	GlobalSection(SolutionConfigurationPlatforms) = preSolution
		Debug|Any CPU = Debug|Any CPU
		Release|Any CPU = Release|Any CPU
	EndGlobalSection
	GlobalSection(ProjectConfigurationPlatforms) = postSolution
		{01A0ED51-6CCB-455B-A539-B3DEA1966A6D}.Debug|Any CPU.ActiveCfg = Debug|Any CPU
		{01A0ED51-6CCB-455B-A539-B3DEA1966A6D}.Debug|Any CPU.Build.0 = Debug|Any CPU
		{01A0ED51-6CCB-455B-A539-B3DEA1966A6D}.Release|Any CPU.ActiveCfg = Release|Any CPU
		{01A0ED51-6CCB-455B-A539-B3DEA1966A6D}.Release|Any CPU.Build.0 = Release|Any CPU
		{7BE4B9F7-4194-48C4-9F38-C1F13807D4F3}.Debug|Any CPU.ActiveCfg = Debug|Any CPU
		{7BE4B9F7-4194-48C4-9F38-C1F13807D4F3}.Debug|Any CPU.Build.0 = Debug|Any CPU
		{7BE4B9F7-4194-48C4-9F38-C1F13807D4F3}.Release|Any CPU.ActiveCfg = Release|Any CPU
		{7BE4B9F7-4194-48C4-9F38-C1F13807D4F3}.Release|Any CPU.Build.0 = Release|Any CPU
		{1D5B5AB3-2B12-4FF5-A225-410B78DCDB9D}.Debug|Any CPU.ActiveCfg = Debug|Any CPU
		{1D5B5AB3-2B12-4FF5-A225-410B78DCDB9D}.Debug|Any CPU.Build.0 = Debug|Any CPU
		{1D5B5AB3-2B12-4FF5-A225-410B78DCDB9D}.Release|Any CPU.ActiveCfg = Release|Any CPU
		{1D5B5AB3-2B12-4FF5-A225-410B78DCDB9D}.Release|Any CPU.Build.0 = Release|Any CPU
	EndGlobalSection
	GlobalSection(SolutionProperties) = preSolution
		HideSolutionNode = FALSE
	EndGlobalSection
	GlobalSection(ExtensibilityGlobals) = postSolution
		SolutionGuid = {60B253AC-329D-47F4-B0AA-B6F85A242095}
	EndGlobalSection
EndGlobal
